
Microsoft Visual Studio Solution File, Format Version 12.00
# Visual Studio 15
VisualStudioVersion = 15.0.28307.136
MinimumVisualStudioVersion = 10.0.40219.1
Project("{2150E333-8FDC-42A3-9474-1A3956D46DE8}") = "1.Entidades", "1.Entidades", "{A92D872A-D510-4814-805A-4F986E8D160C}"
EndProject
Project("{2150E333-8FDC-42A3-9474-1A3956D46DE8}") = "2.Repositorio", "2.Repositorio", "{6FF90F05-5386-4439-89C2-E9E7460BA995}"
EndProject
Project("{2150E333-8FDC-42A3-9474-1A3956D46DE8}") = "3.Dominio", "3.Dominio", "{74F774C2-9EB1-4761-B8AB-8FB90F0FD511}"
EndProject
Project("{2150E333-8FDC-42A3-9474-1A3956D46DE8}") = "4.Presentacion", "4.Presentacion", "{57B20B99-B47F-486E-A904-EC4891B86051}"
EndProject
Project("{2150E333-8FDC-42A3-9474-1A3956D46DE8}") = "2.1.RepositorioContratos", "2.1.RepositorioContratos", "{647A1D29-8B45-435A-BDA8-4820B07E7CBB}"
EndProject
Project("{2150E333-8FDC-42A3-9474-1A3956D46DE8}") = "2.2.Repositorio", "2.2.Repositorio", "{1EB8119F-CB33-4254-8BA7-CD5BC2C2AA83}"
EndProject
Project("{2150E333-8FDC-42A3-9474-1A3956D46DE8}") = "3.1.DominioContratos", "3.1.DominioContratos", "{7967EDB0-46E7-465E-9B41-1283191EE51C}"
EndProject
Project("{2150E333-8FDC-42A3-9474-1A3956D46DE8}") = "3.2.Dominio", "3.2.Dominio", "{A8D6CDB2-577E-4553-AE96-BE709CF8E569}"
EndProject
Project("{FAE04EC0-301F-11D3-BF4B-00C04F79EFBC}") = "Entidades", "Entidades\Entidades.csproj", "{FB12683F-E3A3-40A0-B9DE-42A67DDD93FD}"
EndProject
Project("{FAE04EC0-301F-11D3-BF4B-00C04F79EFBC}") = "RepositorioContratos", "RepositorioContratos\RepositorioContratos.csproj", "{AA03CA17-1826-4756-99FA-2C08C8027AF0}"
EndProject
Project("{FAE04EC0-301F-11D3-BF4B-00C04F79EFBC}") = "Repositorio", "Repositorio\Repositorio.csproj", "{AC76F9E8-EF9F-4429-AC86-78C9DDA7A850}"
EndProject
Project("{FAE04EC0-301F-11D3-BF4B-00C04F79EFBC}") = "DominioContratos", "DominioContratos\DominioContratos.csproj", "{685C1144-C23B-4C04-B50C-398063016796}"
EndProject
Project("{FAE04EC0-301F-11D3-BF4B-00C04F79EFBC}") = "Dominio", "Dominio\Dominio.csproj", "{93F165E0-43D0-4605-8E96-5509E2BAEBCF}"
EndProject
Project("{FAE04EC0-301F-11D3-BF4B-00C04F79EFBC}") = "ClienteWindows", "ClienteWindows\ClienteWindows.csproj", "{BF77E4DD-7A66-4A9A-836B-D9B073D0816F}"
EndProject
Global
	GlobalSection(SolutionConfigurationPlatforms) = preSolution
		Debug|Any CPU = Debug|Any CPU
		Release|Any CPU = Release|Any CPU
	EndGlobalSection
	GlobalSection(ProjectConfigurationPlatforms) = postSolution
		{FB12683F-E3A3-40A0-B9DE-42A67DDD93FD}.Debug|Any CPU.ActiveCfg = Debug|Any CPU
		{FB12683F-E3A3-40A0-B9DE-42A67DDD93FD}.Debug|Any CPU.Build.0 = Debug|Any CPU
		{FB12683F-E3A3-40A0-B9DE-42A67DDD93FD}.Release|Any CPU.ActiveCfg = Release|Any CPU
		{FB12683F-E3A3-40A0-B9DE-42A67DDD93FD}.Release|Any CPU.Build.0 = Release|Any CPU
		{AA03CA17-1826-4756-99FA-2C08C8027AF0}.Debug|Any CPU.ActiveCfg = Debug|Any CPU
		{AA03CA17-1826-4756-99FA-2C08C8027AF0}.Debug|Any CPU.Build.0 = Debug|Any CPU
		{AA03CA17-1826-4756-99FA-2C08C8027AF0}.Release|Any CPU.ActiveCfg = Release|Any CPU
		{AA03CA17-1826-4756-99FA-2C08C8027AF0}.Release|Any CPU.Build.0 = Release|Any CPU
		{AC76F9E8-EF9F-4429-AC86-78C9DDA7A850}.Debug|Any CPU.ActiveCfg = Debug|Any CPU
		{AC76F9E8-EF9F-4429-AC86-78C9DDA7A850}.Debug|Any CPU.Build.0 = Debug|Any CPU
		{AC76F9E8-EF9F-4429-AC86-78C9DDA7A850}.Release|Any CPU.ActiveCfg = Release|Any CPU
		{AC76F9E8-EF9F-4429-AC86-78C9DDA7A850}.Release|Any CPU.Build.0 = Release|Any CPU
		{685C1144-C23B-4C04-B50C-398063016796}.Debug|Any CPU.ActiveCfg = Debug|Any CPU
		{685C1144-C23B-4C04-B50C-398063016796}.Debug|Any CPU.Build.0 = Debug|Any CPU
		{685C1144-C23B-4C04-B50C-398063016796}.Release|Any CPU.ActiveCfg = Release|Any CPU
		{685C1144-C23B-4C04-B50C-398063016796}.Release|Any CPU.Build.0 = Release|Any CPU
		{93F165E0-43D0-4605-8E96-5509E2BAEBCF}.Debug|Any CPU.ActiveCfg = Debug|Any CPU
		{93F165E0-43D0-4605-8E96-5509E2BAEBCF}.Debug|Any CPU.Build.0 = Debug|Any CPU
		{93F165E0-43D0-4605-8E96-5509E2BAEBCF}.Release|Any CPU.ActiveCfg = Release|Any CPU
		{93F165E0-43D0-4605-8E96-5509E2BAEBCF}.Release|Any CPU.Build.0 = Release|Any CPU
		{BF77E4DD-7A66-4A9A-836B-D9B073D0816F}.Debug|Any CPU.ActiveCfg = Debug|Any CPU
		{BF77E4DD-7A66-4A9A-836B-D9B073D0816F}.Debug|Any CPU.Build.0 = Debug|Any CPU
		{BF77E4DD-7A66-4A9A-836B-D9B073D0816F}.Release|Any CPU.ActiveCfg = Release|Any CPU
		{BF77E4DD-7A66-4A9A-836B-D9B073D0816F}.Release|Any CPU.Build.0 = Release|Any CPU
	EndGlobalSection
	GlobalSection(SolutionProperties) = preSolution
		HideSolutionNode = FALSE
	EndGlobalSection
	GlobalSection(NestedProjects) = preSolution
		{647A1D29-8B45-435A-BDA8-4820B07E7CBB} = {6FF90F05-5386-4439-89C2-E9E7460BA995}
		{1EB8119F-CB33-4254-8BA7-CD5BC2C2AA83} = {6FF90F05-5386-4439-89C2-E9E7460BA995}
		{7967EDB0-46E7-465E-9B41-1283191EE51C} = {74F774C2-9EB1-4761-B8AB-8FB90F0FD511}
		{A8D6CDB2-577E-4553-AE96-BE709CF8E569} = {74F774C2-9EB1-4761-B8AB-8FB90F0FD511}
		{FB12683F-E3A3-40A0-B9DE-42A67DDD93FD} = {A92D872A-D510-4814-805A-4F986E8D160C}
		{AA03CA17-1826-4756-99FA-2C08C8027AF0} = {647A1D29-8B45-435A-BDA8-4820B07E7CBB}
		{AC76F9E8-EF9F-4429-AC86-78C9DDA7A850} = {1EB8119F-CB33-4254-8BA7-CD5BC2C2AA83}
		{685C1144-C23B-4C04-B50C-398063016796} = {7967EDB0-46E7-465E-9B41-1283191EE51C}
		{93F165E0-43D0-4605-8E96-5509E2BAEBCF} = {A8D6CDB2-577E-4553-AE96-BE709CF8E569}
		{BF77E4DD-7A66-4A9A-836B-D9B073D0816F} = {57B20B99-B47F-486E-A904-EC4891B86051}
	EndGlobalSection
	GlobalSection(ExtensibilityGlobals) = postSolution
		SolutionGuid = {0EDFF5ED-681D-4ABF-84A4-91340768C557}
	EndGlobalSection
EndGlobal
